
Microsoft Visual Studio Solution File, Format Version 12.00
# Visual Studio 15
VisualStudioVersion = 15.0.27703.2026
MinimumVisualStudioVersion = 10.0.40219.1
Project("{FAE04EC0-301F-11D3-BF4B-00C04F79EFBC}") = "deepamour.web", "deepamour.web\deepamour.web.csproj", "{708E712F-3CC9-417F-BF33-2ADB0EF9E7CC}"
EndProject
Global
	GlobalSection(SolutionConfigurationPlatforms) = preSolution
		Debug|Any CPU = Debug|Any CPU
		Release|Any CPU = Release|Any CPU
	EndGlobalSection
	GlobalSection(ProjectConfigurationPlatforms) = postSolution
		{708E712F-3CC9-417F-BF33-2ADB0EF9E7CC}.Debug|Any CPU.ActiveCfg = Debug|Any CPU
		{708E712F-3CC9-417F-BF33-2ADB0EF9E7CC}.Debug|Any CPU.Build.0 = Debug|Any CPU
		{708E712F-3CC9-417F-BF33-2ADB0EF9E7CC}.Release|Any CPU.ActiveCfg = Release|Any CPU
		{708E712F-3CC9-417F-BF33-2ADB0EF9E7CC}.Release|Any CPU.Build.0 = Release|Any CPU
	EndGlobalSection
	GlobalSection(SolutionProperties) = preSolution
		HideSolutionNode = FALSE
	EndGlobalSection
	GlobalSection(ExtensibilityGlobals) = postSolution
		SolutionGuid = {A9B61047-BEF5-4ED1-B79A-74F7F902F2B4}
	EndGlobalSection
EndGlobal
